PODS:
  - FeverPreference (0.6.0):
    - MMKV
  - MMKV (1.0.23)

DEPENDENCIES:
  - FeverPreference (from `../`)

SPEC REPOS:
  https://github.com/cocoapods/specs.git:
    - MMKV

EXTERNAL SOURCES:
  FeverPreference:
    :path: "../"

SPEC CHECKSUMS:
  FeverPreference: e481d25499d46292b5742e871093ed2d571ce335
  MMKV: 031ae51aedc0af1b250922f7ed8a6b6ee2f94c4c

PODFILE CHECKSUM: 223372dbbf234450e739c6be0e4539e02c229ba6

COCOAPODS: 1.7.5
